
Microsoft Visual Studio Solution File, Format Version 12.00
# Visual Studio Version 17
VisualStudioVersion = 17.9.34723.18
MinimumVisualStudioVersion = 10.0.40219.1
Project("{9A19103F-16F7-4668-BE54-9A1E7A4F7556}") = "01_Cal&Print", "01_Cal&Print\01_Cal&Print.csproj", "{7F26F2FA-E57F-4B18-A05C-9A821E58FCDA}"
EndProject
Project("{9A19103F-16F7-4668-BE54-9A1E7A4F7556}") = "02_CalculateGPA", "02_CalculateGPA\02_CalculateGPA.csproj", "{600C014A-1465-49CB-B005-EFDA3BD61D9C}"
EndProject
Project("{9A19103F-16F7-4668-BE54-9A1E7A4F7556}") = "03_ReadThenDisplay&If", "03_ReadThenDisplay\03_ReadThenDisplay&If.csproj", "{B7D1FAC6-F426-48AD-AA48-78B8634409CF}"
EndProject
Project("{9A19103F-16F7-4668-BE54-9A1E7A4F7556}") = "04_SwitchDisplay", "04_SwitchDisplay\04_SwitchDisplay.csproj", "{44027675-C60E-4298-B2BB-0DF112ED4E46}"
EndProject
Project("{9A19103F-16F7-4668-BE54-9A1E7A4F7556}") = "05_LoopSamples", "05_LoopSamples\05_LoopSamples.csproj", "{BF248933-D7A0-4BD8-9867-152CB89B295F}"
EndProject
Project("{9A19103F-16F7-4668-BE54-9A1E7A4F7556}") = "06_JumpSamples", "06_JumpSamples\06_JumpSamples.csproj", "{88693CE8-8DF5-407E-834B-D2F08A2DB000}"
EndProject
Project("{9A19103F-16F7-4668-BE54-9A1E7A4F7556}") = "07_AndOperatorSample", "07_AndOperatorSample\07_AndOperatorSample.csproj", "{E1ECF144-75E3-48C3-AA17-6A3C700284BE}"
EndProject
Project("{9A19103F-16F7-4668-BE54-9A1E7A4F7556}") = "08_SwitchDisplayWithMethod", "08_SwitchDisplayWithMethod\08_SwitchDisplayWithMethod.csproj", "{90367808-1AD8-4440-819D-4A166B93B5C7}"
EndProject
Project("{FAE04EC0-301F-11D3-BF4B-00C04F79EFBC}") = "09_MyFirstWinForm", "09_MyFirstWinForm\09_MyFirstWinForm.csproj", "{36AEBE43-CB93-4629-8BE5-E1B32857BF94}"
EndProject
Project("{FAE04EC0-301F-11D3-BF4B-00C04F79EFBC}") = "10_SimpleCalculator01", "10_SimpleCalculator01\10_SimpleCalculator01.csproj", "{91000F96-C295-44D9-AD75-99F95026E7F3}"
EndProject
Project("{FAE04EC0-301F-11D3-BF4B-00C04F79EFBC}") = "11_SimpleCalculator02", "11_SimpleCalculator02\11_SimpleCalculator02.csproj", "{0D13D3C3-AE34-4B5E-AE49-1B8CF7A90C78}"
EndProject
Project("{FAE04EC0-301F-11D3-BF4B-00C04F79EFBC}") = "12_SimpleCalculator03", "12_SimpleCalculator03\12_SimpleCalculator03.csproj", "{0F3BE19E-AD59-4BF1-9F8D-D40FF421F14B}"
EndProject
Project("{FAE04EC0-301F-11D3-BF4B-00C04F79EFBC}") = "13_Dictionary_List", "13_Dictionary_List\13_Dictionary_List.csproj", "{777CEFB8-A033-41A8-BE49-2EFF75BD4645}"
EndProject
Project("{FAE04EC0-301F-11D3-BF4B-00C04F79EFBC}") = "14_List01", "14_List01\14_List01.csproj", "{38C09763-9FA8-4184-A901-3939DFEA7065}"
EndProject
Project("{FAE04EC0-301F-11D3-BF4B-00C04F79EFBC}") = "15_ListBoxSelectionMode", "15_ListBoxSelectionMode\15_ListBoxSelectionMode.csproj", "{B5E26B7D-14FB-49AA-A02A-46D02940AA10}"
EndProject
Project("{FAE04EC0-301F-11D3-BF4B-00C04F79EFBC}") = "16_ListBoxSelectionMode2", "16_ListBoxSelectionMode2\16_ListBoxSelectionMode2.csproj", "{632652C3-033C-4D5A-880D-19D7F883A78F}"
EndProject
Project("{FAE04EC0-301F-11D3-BF4B-00C04F79EFBC}") = "17_LinqSamples01", "17_LinqSamples01\17_LinqSamples01.csproj", "{D601C6C3-9C8F-4D4A-B047-A3509052A0F8}"
EndProject
Project("{FAE04EC0-301F-11D3-BF4B-00C04F79EFBC}") = "18_LinqSamples02", "18_LinqSamples02\18_LinqSamples02.csproj", "{6C327965-4386-48F3-A338-9CF5F08737A1}"
EndProject
Project("{FAE04EC0-301F-11D3-BF4B-00C04F79EFBC}") = "19_LinqSamples03", "19_LinqSamples03\19_LinqSamples03.csproj", "{C8DDB0FA-6BCF-449D-A2B6-F4AE128AEB74}"
EndProject
Project("{FAE04EC0-301F-11D3-BF4B-00C04F79EFBC}") = "20_LinqSamples04", "20_LinqSamples04\20_LinqSamples04.csproj", "{20C0BEF7-14AB-43BD-A987-DD19F0325B8D}"
EndProject
Project("{FAE04EC0-301F-11D3-BF4B-00C04F79EFBC}") = "21_LinqSamples05", "21_LinqSamples05\21_LinqSamples05.csproj", "{D7A19E28-A625-4B1A-B893-9E64B9FD586E}"
EndProject
Project("{FAE04EC0-301F-11D3-BF4B-00C04F79EFBC}") = "00_Test", "00_Test\00_Test.csproj", "{93C11066-43DC-4354-B6CE-C23E9314154F}"
EndProject
Global
	GlobalSection(SolutionConfigurationPlatforms) = preSolution
		Debug|Any CPU = Debug|Any CPU
		Release|Any CPU = Release|Any CPU
	EndGlobalSection
	GlobalSection(ProjectConfigurationPlatforms) = postSolution
		{7F26F2FA-E57F-4B18-A05C-9A821E58FCDA}.Debug|Any CPU.ActiveCfg = Debug|Any CPU
		{7F26F2FA-E57F-4B18-A05C-9A821E58FCDA}.Debug|Any CPU.Build.0 = Debug|Any CPU
		{7F26F2FA-E57F-4B18-A05C-9A821E58FCDA}.Release|Any CPU.ActiveCfg = Release|Any CPU
		{7F26F2FA-E57F-4B18-A05C-9A821E58FCDA}.Release|Any CPU.Build.0 = Release|Any CPU
		{600C014A-1465-49CB-B005-EFDA3BD61D9C}.Debug|Any CPU.ActiveCfg = Debug|Any CPU
		{600C014A-1465-49CB-B005-EFDA3BD61D9C}.Debug|Any CPU.Build.0 = Debug|Any CPU
		{600C014A-1465-49CB-B005-EFDA3BD61D9C}.Release|Any CPU.ActiveCfg = Release|Any CPU
		{600C014A-1465-49CB-B005-EFDA3BD61D9C}.Release|Any CPU.Build.0 = Release|Any CPU
		{B7D1FAC6-F426-48AD-AA48-78B8634409CF}.Debug|Any CPU.ActiveCfg = Debug|Any CPU
		{B7D1FAC6-F426-48AD-AA48-78B8634409CF}.Debug|Any CPU.Build.0 = Debug|Any CPU
		{B7D1FAC6-F426-48AD-AA48-78B8634409CF}.Release|Any CPU.ActiveCfg = Release|Any CPU
		{B7D1FAC6-F426-48AD-AA48-78B8634409CF}.Release|Any CPU.Build.0 = Release|Any CPU
		{44027675-C60E-4298-B2BB-0DF112ED4E46}.Debug|Any CPU.ActiveCfg = Debug|Any CPU
		{44027675-C60E-4298-B2BB-0DF112ED4E46}.Debug|Any CPU.Build.0 = Debug|Any CPU
		{44027675-C60E-4298-B2BB-0DF112ED4E46}.Release|Any CPU.ActiveCfg = Release|Any CPU
		{44027675-C60E-4298-B2BB-0DF112ED4E46}.Release|Any CPU.Build.0 = Release|Any CPU
		{BF248933-D7A0-4BD8-9867-152CB89B295F}.Debug|Any CPU.ActiveCfg = Debug|Any CPU
		{BF248933-D7A0-4BD8-9867-152CB89B295F}.Debug|Any CPU.Build.0 = Debug|Any CPU
		{BF248933-D7A0-4BD8-9867-152CB89B295F}.Release|Any CPU.ActiveCfg = Release|Any CPU
		{BF248933-D7A0-4BD8-9867-152CB89B295F}.Release|Any CPU.Build.0 = Release|Any CPU
		{88693CE8-8DF5-407E-834B-D2F08A2DB000}.Debug|Any CPU.ActiveCfg = Debug|Any CPU
		{88693CE8-8DF5-407E-834B-D2F08A2DB000}.Debug|Any CPU.Build.0 = Debug|Any CPU
		{88693CE8-8DF5-407E-834B-D2F08A2DB000}.Release|Any CPU.ActiveCfg = Release|Any CPU
		{88693CE8-8DF5-407E-834B-D2F08A2DB000}.Release|Any CPU.Build.0 = Release|Any CPU
		{E1ECF144-75E3-48C3-AA17-6A3C700284BE}.Debug|Any CPU.ActiveCfg = Debug|Any CPU
		{E1ECF144-75E3-48C3-AA17-6A3C700284BE}.Debug|Any CPU.Build.0 = Debug|Any CPU
		{E1ECF144-75E3-48C3-AA17-6A3C700284BE}.Release|Any CPU.ActiveCfg = Release|Any CPU
		{E1ECF144-75E3-48C3-AA17-6A3C700284BE}.Release|Any CPU.Build.0 = Release|Any CPU
		{90367808-1AD8-4440-819D-4A166B93B5C7}.Debug|Any CPU.ActiveCfg = Debug|Any CPU
		{90367808-1AD8-4440-819D-4A166B93B5C7}.Debug|Any CPU.Build.0 = Debug|Any CPU
		{90367808-1AD8-4440-819D-4A166B93B5C7}.Release|Any CPU.ActiveCfg = Release|Any CPU
		{90367808-1AD8-4440-819D-4A166B93B5C7}.Release|Any CPU.Build.0 = Release|Any CPU
		{36AEBE43-CB93-4629-8BE5-E1B32857BF94}.Debug|Any CPU.ActiveCfg = Debug|Any CPU
		{36AEBE43-CB93-4629-8BE5-E1B32857BF94}.Debug|Any CPU.Build.0 = Debug|Any CPU
		{36AEBE43-CB93-4629-8BE5-E1B32857BF94}.Release|Any CPU.ActiveCfg = Release|Any CPU
		{36AEBE43-CB93-4629-8BE5-E1B32857BF94}.Release|Any CPU.Build.0 = Release|Any CPU
		{91000F96-C295-44D9-AD75-99F95026E7F3}.Debug|Any CPU.ActiveCfg = Debug|Any CPU
		{91000F96-C295-44D9-AD75-99F95026E7F3}.Debug|Any CPU.Build.0 = Debug|Any CPU
		{91000F96-C295-44D9-AD75-99F95026E7F3}.Release|Any CPU.ActiveCfg = Release|Any CPU
		{91000F96-C295-44D9-AD75-99F95026E7F3}.Release|Any CPU.Build.0 = Release|Any CPU
		{0D13D3C3-AE34-4B5E-AE49-1B8CF7A90C78}.Debug|Any CPU.ActiveCfg = Debug|Any CPU
		{0D13D3C3-AE34-4B5E-AE49-1B8CF7A90C78}.Debug|Any CPU.Build.0 = Debug|Any CPU
		{0D13D3C3-AE34-4B5E-AE49-1B8CF7A90C78}.Release|Any CPU.ActiveCfg = Release|Any CPU
		{0D13D3C3-AE34-4B5E-AE49-1B8CF7A90C78}.Release|Any CPU.Build.0 = Release|Any CPU
		{0F3BE19E-AD59-4BF1-9F8D-D40FF421F14B}.Debug|Any CPU.ActiveCfg = Debug|Any CPU
		{0F3BE19E-AD59-4BF1-9F8D-D40FF421F14B}.Debug|Any CPU.Build.0 = Debug|Any CPU
		{0F3BE19E-AD59-4BF1-9F8D-D40FF421F14B}.Release|Any CPU.ActiveCfg = Release|Any CPU
		{0F3BE19E-AD59-4BF1-9F8D-D40FF421F14B}.Release|Any CPU.Build.0 = Release|Any CPU
		{777CEFB8-A033-41A8-BE49-2EFF75BD4645}.Debug|Any CPU.ActiveCfg = Debug|Any CPU
		{777CEFB8-A033-41A8-BE49-2EFF75BD4645}.Debug|Any CPU.Build.0 = Debug|Any CPU
		{777CEFB8-A033-41A8-BE49-2EFF75BD4645}.Release|Any CPU.ActiveCfg = Release|Any CPU
		{777CEFB8-A033-41A8-BE49-2EFF75BD4645}.Release|Any CPU.Build.0 = Release|Any CPU
		{38C09763-9FA8-4184-A901-3939DFEA7065}.Debug|Any CPU.ActiveCfg = Debug|Any CPU
		{38C09763-9FA8-4184-A901-3939DFEA7065}.Debug|Any CPU.Build.0 = Debug|Any CPU
		{38C09763-9FA8-4184-A901-3939DFEA7065}.Release|Any CPU.ActiveCfg = Release|Any CPU
		{38C09763-9FA8-4184-A901-3939DFEA7065}.Release|Any CPU.Build.0 = Release|Any CPU
		{B5E26B7D-14FB-49AA-A02A-46D02940AA10}.Debug|Any CPU.ActiveCfg = Debug|Any CPU
		{B5E26B7D-14FB-49AA-A02A-46D02940AA10}.Debug|Any CPU.Build.0 = Debug|Any CPU
		{B5E26B7D-14FB-49AA-A02A-46D02940AA10}.Release|Any CPU.ActiveCfg = Release|Any CPU
		{B5E26B7D-14FB-49AA-A02A-46D02940AA10}.Release|Any CPU.Build.0 = Release|Any CPU
		{632652C3-033C-4D5A-880D-19D7F883A78F}.Debug|Any CPU.ActiveCfg = Debug|Any CPU
		{632652C3-033C-4D5A-880D-19D7F883A78F}.Debug|Any CPU.Build.0 = Debug|Any CPU
		{632652C3-033C-4D5A-880D-19D7F883A78F}.Release|Any CPU.ActiveCfg = Release|Any CPU
		{632652C3-033C-4D5A-880D-19D7F883A78F}.Release|Any CPU.Build.0 = Release|Any CPU
		{D601C6C3-9C8F-4D4A-B047-A3509052A0F8}.Debug|Any CPU.ActiveCfg = Debug|Any CPU
		{D601C6C3-9C8F-4D4A-B047-A3509052A0F8}.Debug|Any CPU.Build.0 = Debug|Any CPU
		{D601C6C3-9C8F-4D4A-B047-A3509052A0F8}.Release|Any CPU.ActiveCfg = Release|Any CPU
		{D601C6C3-9C8F-4D4A-B047-A3509052A0F8}.Release|Any CPU.Build.0 = Release|Any CPU
		{6C327965-4386-48F3-A338-9CF5F08737A1}.Debug|Any CPU.ActiveCfg = Debug|Any CPU
		{6C327965-4386-48F3-A338-9CF5F08737A1}.Debug|Any CPU.Build.0 = Debug|Any CPU
		{6C327965-4386-48F3-A338-9CF5F08737A1}.Release|Any CPU.ActiveCfg = Release|Any CPU
		{6C327965-4386-48F3-A338-9CF5F08737A1}.Release|Any CPU.Build.0 = Release|Any CPU
		{C8DDB0FA-6BCF-449D-A2B6-F4AE128AEB74}.Debug|Any CPU.ActiveCfg = Debug|Any CPU
		{C8DDB0FA-6BCF-449D-A2B6-F4AE128AEB74}.Debug|Any CPU.Build.0 = Debug|Any CPU
		{C8DDB0FA-6BCF-449D-A2B6-F4AE128AEB74}.Release|Any CPU.ActiveCfg = Release|Any CPU
		{C8DDB0FA-6BCF-449D-A2B6-F4AE128AEB74}.Release|Any CPU.Build.0 = Release|Any CPU
		{20C0BEF7-14AB-43BD-A987-DD19F0325B8D}.Debug|Any CPU.ActiveCfg = Debug|Any CPU
		{20C0BEF7-14AB-43BD-A987-DD19F0325B8D}.Debug|Any CPU.Build.0 = Debug|Any CPU
		{20C0BEF7-14AB-43BD-A987-DD19F0325B8D}.Release|Any CPU.ActiveCfg = Release|Any CPU
		{20C0BEF7-14AB-43BD-A987-DD19F0325B8D}.Release|Any CPU.Build.0 = Release|Any CPU
		{D7A19E28-A625-4B1A-B893-9E64B9FD586E}.Debug|Any CPU.ActiveCfg = Debug|Any CPU
		{D7A19E28-A625-4B1A-B893-9E64B9FD586E}.Debug|Any CPU.Build.0 = Debug|Any CPU
		{D7A19E28-A625-4B1A-B893-9E64B9FD586E}.Release|Any CPU.ActiveCfg = Release|Any CPU
		{D7A19E28-A625-4B1A-B893-9E64B9FD586E}.Release|Any CPU.Build.0 = Release|Any CPU
		{93C11066-43DC-4354-B6CE-C23E9314154F}.Debug|Any CPU.ActiveCfg = Debug|Any CPU
		{93C11066-43DC-4354-B6CE-C23E9314154F}.Debug|Any CPU.Build.0 = Debug|Any CPU
		{93C11066-43DC-4354-B6CE-C23E9314154F}.Release|Any CPU.ActiveCfg = Release|Any CPU
		{93C11066-43DC-4354-B6CE-C23E9314154F}.Release|Any CPU.Build.0 = Release|Any CPU
	EndGlobalSection
	GlobalSection(SolutionProperties) = preSolution
		HideSolutionNode = FALSE
	EndGlobalSection
	GlobalSection(ExtensibilityGlobals) = postSolution
		SolutionGuid = {8555E3E7-6539-4066-ABB8-4F5EEF69A27C}
	EndGlobalSection
EndGlobal
