
Microsoft Visual Studio Solution File, Format Version 12.00
# Visual Studio Version 17
VisualStudioVersion = 17.9.34723.18
MinimumVisualStudioVersion = 10.0.40219.1
Project("{FAE04EC0-301F-11D3-BF4B-00C04F79EFBC}") = "Cal&Print", "Cal&Print\Cal&Print.csproj", "{7F26F2FA-E57F-4B18-A05C-9A821E58FCDA}"
EndProject
Global
	GlobalSection(SolutionConfigurationPlatforms) = preSolution
		Debug|Any CPU = Debug|Any CPU
		Release|Any CPU = Release|Any CPU
	EndGlobalSection
	GlobalSection(ProjectConfigurationPlatforms) = postSolution
		{7F26F2FA-E57F-4B18-A05C-9A821E58FCDA}.Debug|Any CPU.ActiveCfg = Debug|Any CPU
		{7F26F2FA-E57F-4B18-A05C-9A821E58FCDA}.Debug|Any CPU.Build.0 = Debug|Any CPU
		{7F26F2FA-E57F-4B18-A05C-9A821E58FCDA}.Release|Any CPU.ActiveCfg = Release|Any CPU
		{7F26F2FA-E57F-4B18-A05C-9A821E58FCDA}.Release|Any CPU.Build.0 = Release|Any CPU
	EndGlobalSection
	GlobalSection(SolutionProperties) = preSolution
		HideSolutionNode = FALSE
	EndGlobalSection
	GlobalSection(ExtensibilityGlobals) = postSolution
		SolutionGuid = {8555E3E7-6539-4066-ABB8-4F5EEF69A27C}
	EndGlobalSection
EndGlobal
